// !$*UTF8*$!
{
	archiveVersion = 1;
	classes = {
	};
	objectVersion = 50;
	objects = {

/* Begin PBXBuildFile section */
		79D04D1A24E155F9003591AA /* AppDelegate.swift in Sources */ = {isa = PBXBuildFile; fileRef = 79D04D1924E155F9003591AA /* AppDelegate.swift */; };
		79D04D1C24E155F9003591AA /* SceneDelegate.swift in Sources */ = {isa = PBXBuildFile; fileRef = 79D04D1B24E155F9003591AA /* SceneDelegate.swift */; };
		79D04D1E24E155F9003591AA /* ViewController.swift in Sources */ = {isa = PBXBuildFile; fileRef = 79D04D1D24E155F9003591AA /* ViewController.swift */; };
		79D04D2124E155F9003591AA /* Main.storyboard in Resources */ = {isa = PBXBuildFile; fileRef = 79D04D1F24E155F9003591AA /* Main.storyboard */; };
		79D04D2324E155FB003591AA /* Assets.xcassets in Resources */ = {isa = PBXBuildFile; fileRef = 79D04D2224E155FB003591AA /* Assets.xcassets */; };
		79D04D2624E155FB003591AA /* LaunchScreen.storyboard in Resources */ = {isa = PBXBuildFile; fileRef = 79D04D2424E155FB003591AA /* LaunchScreen.storyboard */; };
		79D04D2E24E29E7B003591AA /* CreditViewController.swift in Sources */ = {isa = PBXBuildFile; fileRef = 79D04D2D24E29E7B003591AA /* CreditViewController.swift */; };
/* End PBXBuildFile section */

/* Begin PBXFileReference section */
		79D04D1624E155F9003591AA /* NumberGame.app */ = {isa = PBXFileReference; explicitFileType = wrapper.application; includeInIndex = 0; path = NumberGame.app; sourceTree = BUILT_PRODUCTS_DIR; };
		79D04D1924E155F9003591AA /* AppDelegate.swift */ = {isa = PBXFileReference; lastKnownFileType = sourcecode.swift; path = AppDelegate.swift; sourceTree = "<group>"; };
		79D04D1B24E155F9003591AA /* SceneDelegate.swift */ = {isa = PBXFileReference; lastKnownFileType = sourcecode.swift; path = SceneDelegate.swift; sourceTree = "<group>"; };
		79D04D1D24E155F9003591AA /* ViewController.swift */ = {isa = PBXFileReference; lastKnownFileType = sourcecode.swift; path = ViewController.swift; sourceTree = "<group>"; };
		79D04D2024E155F9003591AA /* Base */ = {isa = PBXFileReference; lastKnownFileType = file.storyboard; name = Base; path = Base.lproj/Main.storyboard; sourceTree = "<group>"; };
		79D04D2224E155FB003591AA /* Assets.xcassets */ = {isa = PBXFileReference; lastKnownFileType = folder.assetcatalog; path = Assets.xcassets; sourceTree = "<group>"; };
		79D04D2524E155FB003591AA /* Base */ = {isa = PBXFileReference; lastKnownFileType = file.storyboard; name = Base; path = Base.lproj/LaunchScreen.storyboard; sourceTree = "<group>"; };
		79D04D2724E155FB003591AA /* Info.plist */ = {isa = PBXFileReference; lastKnownFileType = text.plist.xml; path = Info.plist; sourceTree = "<group>"; };
		79D04D2D24E29E7B003591AA /* CreditViewController.swift */ = {isa = PBXFileReference; lastKnownFileType = sourcecode.swift; path = CreditViewController.swift; sourceTree = "<group>"; };
		79D04D2F24E2B8C0003591AA /* README.md */ = {isa = PBXFileReference; lastKnownFileType = net.daringfireball.markdown; path = README.md; sourceTree = "<group>"; };
/* End PBXFileReference section */

/* Begin PBXFrameworksBuildPhase section */
		79D04D1324E155F9003591AA /* Frameworks */ = {
			isa = PBXFrameworksBuildPhase;
			buildActionMask = 2147483647;
			files = (
			);
			runOnlyForDeploymentPostprocessing = 0;
		};
/* End PBXFrameworksBuildPhase section */

/* Begin PBXGroup section */
		79D04D0D24E155F9003591AA = {
			isa = PBXGroup;
			children = (
				79D04D2F24E2B8C0003591AA /* README.md */,
				79D04D1824E155F9003591AA /* NumberGame */,
				79D04D1724E155F9003591AA /* Products */,
			);
			sourceTree = "<group>";
		};
		79D04D1724E155F9003591AA /* Products */ = {
			isa = PBXGroup;
			children = (
				79D04D1624E155F9003591AA /* NumberGame.app */,
			);
			name = Products;
			sourceTree = "<group>";
		};
		79D04D1824E155F9003591AA /* NumberGame */ = {
			isa = PBXGroup;
			children = (
				79D04D1924E155F9003591AA /* AppDelegate.swift */,
				79D04D1B24E155F9003591AA /* SceneDelegate.swift */,
				79D04D1D24E155F9003591AA /* ViewController.swift */,
				79D04D2D24E29E7B003591AA /* CreditViewController.swift */,
				79D04D1F24E155F9003591AA /* Main.storyboard */,
				79D04D2224E155FB003591AA /* Assets.xcassets */,
				79D04D2424E155FB003591AA /* LaunchScreen.storyboard */,
				79D04D2724E155FB003591AA /* Info.plist */,
			);
			path = NumberGame;
			sourceTree = "<group>";
		};
/* End PBXGroup section */

/* Begin PBXNativeTarget section */
		79D04D1524E155F9003591AA /* NumberGame */ = {
			isa = PBXNativeTarget;
			buildConfigurationList = 79D04D2A24E155FB003591AA /* Build configuration list for PBXNativeTarget "NumberGame" */;
			buildPhases = (
				79D04D1224E155F9003591AA /* Sources */,
				79D04D1324E155F9003591AA /* Frameworks */,
				79D04D1424E155F9003591AA /* Resources */,
			);
			buildRules = (
			);
			dependencies = (
			);
			name = NumberGame;
			productName = NumberGame;
			productReference = 79D04D1624E155F9003591AA /* NumberGame.app */;
			productType = "com.apple.product-type.application";
		};
/* End PBXNativeTarget section */

/* Begin PBXProject section */
		79D04D0E24E155F9003591AA /* Project object */ = {
			isa = PBXProject;
			attributes = {
				LastSwiftUpdateCheck = 1160;
				LastUpgradeCheck = 1160;
				ORGANIZATIONNAME = soll4u;
				TargetAttributes = {
					79D04D1524E155F9003591AA = {
						CreatedOnToolsVersion = 11.6;
					};
				};
			};
			buildConfigurationList = 79D04D1124E155F9003591AA /* Build configuration list for PBXProject "NumberGame" */;
			compatibilityVersion = "Xcode 9.3";
			developmentRegion = en;
			hasScannedForEncodings = 0;
			knownRegions = (
				en,
				Base,
			);
			mainGroup = 79D04D0D24E155F9003591AA;
			productRefGroup = 79D04D1724E155F9003591AA /* Products */;
			projectDirPath = "";
			projectRoot = "";
			targets = (
				79D04D1524E155F9003591AA /* NumberGame */,
			);
		};
/* End PBXProject section */

/* Begin PBXResourcesBuildPhase section */
		79D04D1424E155F9003591AA /* Resources */ = {
			isa = PBXResourcesBuildPhase;
			buildActionMask = 2147483647;
			files = (
				79D04D2624E155FB003591AA /* LaunchScreen.storyboard in Resources */,
				79D04D2324E155FB003591AA /* Assets.xcassets in Resources */,
				79D04D2124E155F9003591AA /* Main.storyboard in Resources */,
			);
			runOnlyForDeploymentPostprocessing = 0;
		};
/* End PBXResourcesBuildPhase section */

/* Begin PBXSourcesBuildPhase section */
		79D04D1224E155F9003591AA /* Sources */ = {
			isa = PBXSourcesBuildPhase;
			buildActionMask = 2147483647;
			files = (
				79D04D1E24E155F9003591AA /* ViewController.swift in Sources */,
				79D04D1A24E155F9003591AA /* AppDelegate.swift in Sources */,
				79D04D1C24E155F9003591AA /* SceneDelegate.swift in Sources */,
				79D04D2E24E29E7B003591AA /* CreditViewController.swift in Sources */,
			);
			runOnlyForDeploymentPostprocessing = 0;
		};
/* End PBXSourcesBuildPhase section */

/* Begin PBXVariantGroup section */
		79D04D1F24E155F9003591AA /* Main.storyboard */ = {
			isa = PBXVariantGroup;
			children = (
				79D04D2024E155F9003591AA /* Base */,
			);
			name = Main.storyboard;
			sourceTree = "<group>";
		};
		79D04D2424E155FB003591AA /* LaunchScreen.storyboard */ = {
			isa = PBXVariantGroup;
			children = (
				79D04D2524E155FB003591AA /* Base */,
			);
			name = LaunchScreen.storyboard;
			sourceTree = "<group>";
		};
/* End PBXVariantGroup section */

/* Begin XCBuildConfiguration section */
		79D04D2824E155FB003591AA /* Debug */ = {
			isa = XCBuildConfiguration;
			buildSettings = {
				ALWAYS_SEARCH_USER_PATHS = NO;
				CLANG_ANALYZER_NONNULL = YES;
				CLANG_ANALYZER_NUMBER_OBJECT_CONVERSION = YES_AGGRESSIVE;
				CLANG_CXX_LANGUAGE_STANDARD = "gnu++14";
				CLANG_CXX_LIBRARY = "libc++";
				CLANG_ENABLE_MODULES = YES;
				CLANG_ENABLE_OBJC_ARC = YES;
				CLANG_ENABLE_OBJC_WEAK = YES;
				CLANG_WARN_BLOCK_CAPTURE_AUTORELEASING = YES;
				CLANG_WARN_BOOL_CONVERSION = YES;
				CLANG_WARN_COMMA = YES;
				CLANG_WARN_CONSTANT_CONVERSION = YES;
				CLANG_WARN_DEPRECATED_OBJC_IMPLEMENTATIONS = YES;
				CLANG_WARN_DIRECT_OBJC_ISA_USAGE = YES_ERROR;
				CLANG_WARN_DOCUMENTATION_COMMENTS = YES;
				CLANG_WARN_EMPTY_BODY = YES;
				CLANG_WARN_ENUM_CONVERSION = YES;
				CLANG_WARN_INFINITE_RECURSION = YES;
				CLANG_WARN_INT_CONVERSION = YES;
				CLANG_WARN_NON_LITERAL_NULL_CONVERSION = YES;
				CLANG_WARN_OBJC_IMPLICIT_RETAIN_SELF = YES;
				CLANG_WARN_OBJC_LITERAL_CONVERSION = YES;
				CLANG_WARN_OBJC_ROOT_CLASS = YES_ERROR;
				CLANG_WARN_RANGE_LOOP_ANALYSIS = YES;
				CLANG_WARN_STRICT_PROTOTYPES = YES;
				CLANG_WARN_SUSPICIOUS_MOVE = YES;
				CLANG_WARN_UNGUARDED_AVAILABILITY = YES_AGGRESSIVE;
				CLANG_WARN_UNREACHABLE_CODE = YES;
				CLANG_WARN__DUPLICATE_METHOD_MATCH = YES;
				COPY_PHASE_STRIP = NO;
				DEBUG_INFORMATION_FORMAT = dwarf;
				ENABLE_STRICT_OBJC_MSGSEND = YES;
				ENABLE_TESTABILITY = YES;
				GCC_C_LANGUAGE_STANDARD = gnu11;
				GCC_DYNAMIC_NO_PIC = NO;
				GCC_NO_COMMON_BLOCKS = YES;
				GCC_OPTIMIZATION_LEVEL = 0;
				GCC_PREPROCESSOR_DEFINITIONS = (
					"DEBUG=1",
					"$(inherited)",
				);
				GCC_WARN_64_TO_32_BIT_CONVERSION = YES;
				GCC_WARN_ABOUT_RETURN_TYPE = YES_ERROR;
				GCC_WARN_UNDECLARED_SELECTOR = YES;
				GCC_WARN_UNINITIALIZED_AUTOS = YES_AGGRESSIVE;
				GCC_WARN_UNUSED_FUNCTION = YES;
				GCC_WARN_UNUSED_VARIABLE = YES;
				IPHONEOS_DEPLOYMENT_TARGET = 13.6;
				MTL_ENABLE_DEBUG_INFO = INCLUDE_SOURCE;
				MTL_FAST_MATH = YES;
				ONLY_ACTIVE_ARCH = YES;
				SDKROOT = iphoneos;
				SWIFT_ACTIVE_COMPILATION_CONDITIONS = DEBUG;
				SWIFT_OPTIMIZATION_LEVEL = "-Onone";
			};
			name = Debug;
		};
		79D04D2924E155FB003591AA /* Release */ = {
			isa = XCBuildConfiguration;
			buildSettings = {
				ALWAYS_SEARCH_USER_PATHS = NO;
				CLANG_ANALYZER_NONNULL = YES;
				CLANG_ANALYZER_NUMBER_OBJECT_CONVERSION = YES_AGGRESSIVE;
				CLANG_CXX_LANGUAGE_STANDARD = "gnu++14";
				CLANG_CXX_LIBRARY = "libc++";
				CLANG_ENABLE_MODULES = YES;
				CLANG_ENABLE_OBJC_ARC = YES;
				CLANG_ENABLE_OBJC_WEAK = YES;
				CLANG_WARN_BLOCK_CAPTURE_AUTORELEASING = YES;
				CLANG_WARN_BOOL_CONVERSION = YES;
				CLANG_WARN_COMMA = YES;
				CLANG_WARN_CONSTANT_CONVERSION = YES;
				CLANG_WARN_DEPRECATED_OBJC_IMPLEMENTATIONS = YES;
				CLANG_WARN_DIRECT_OBJC_ISA_USAGE = YES_ERROR;
				CLANG_WARN_DOCUMENTATION_COMMENTS = YES;
				CLANG_WARN_EMPTY_BODY = YES;
				CLANG_WARN_ENUM_CONVERSION = YES;
				CLANG_WARN_INFINITE_RECURSION = YES;
				CLANG_WARN_INT_CONVERSION = YES;
				CLANG_WARN_NON_LITERAL_NULL_CONVERSION = YES;
				CLANG_WARN_OBJC_IMPLICIT_RETAIN_SELF = YES;
				CLANG_WARN_OBJC_LITERAL_CONVERSION = YES;
				CLANG_WARN_OBJC_ROOT_CLASS = YES_ERROR;
				CLANG_WARN_RANGE_LOOP_ANALYSIS = YES;
				CLANG_WARN_STRICT_PROTOTYPES = YES;
				CLANG_WARN_SUSPICIOUS_MOVE = YES;
				CLANG_WARN_UNGUARDED_AVAILABILITY = YES_AGGRESSIVE;
				CLANG_WARN_UNREACHABLE_CODE = YES;
				CLANG_WARN__DUPLICATE_METHOD_MATCH = YES;
				COPY_PHASE_STRIP = NO;
				DEBUG_INFORMATION_FORMAT = "dwarf-with-dsym";
				ENABLE_NS_ASSERTIONS = NO;
				ENABLE_STRICT_OBJC_MSGSEND = YES;
				GCC_C_LANGUAGE_STANDARD = gnu11;
				GCC_NO_COMMON_BLOCKS = YES;
				GCC_WARN_64_TO_32_BIT_CONVERSION = YES;
				GCC_WARN_ABOUT_RETURN_TYPE = YES_ERROR;
				GCC_WARN_UNDECLARED_SELECTOR = YES;
				GCC_WARN_UNINITIALIZED_AUTOS = YES_AGGRESSIVE;
				GCC_WARN_UNUSED_FUNCTION = YES;
				GCC_WARN_UNUSED_VARIABLE = YES;
				IPHONEOS_DEPLOYMENT_TARGET = 13.6;
				MTL_ENABLE_DEBUG_INFO = NO;
				MTL_FAST_MATH = YES;
				SDKROOT = iphoneos;
				SWIFT_COMPILATION_MODE = wholemodule;
				SWIFT_OPTIMIZATION_LEVEL = "-O";
				VALIDATE_PRODUCT = YES;
			};
			name = Release;
		};
		79D04D2B24E155FB003591AA /* Debug */ = {
			isa = XCBuildConfiguration;
			buildSettings = {
				ASSETCATALOG_COMPILER_APPICON_NAME = AppIcon;
				CODE_SIGN_STYLE = Automatic;
				DEVELOPMENT_TEAM = 42Q45HPGA4;
				INFOPLIST_FILE = NumberGame/Info.plist;
				LD_RUNPATH_SEARCH_PATHS = (
					"$(inherited)",
					"@executable_path/Frameworks",
				);
				PRODUCT_BUNDLE_IDENTIFIER = com.soll4u.NumberGame;
				PRODUCT_NAME = "$(TARGET_NAME)";
				SWIFT_VERSION = 5.0;
				TARGETED_DEVICE_FAMILY = "1,2";
			};
			name = Debug;
		};
		79D04D2C24E155FB003591AA /* Release */ = {
			isa = XCBuildConfiguration;
			buildSettings = {
				ASSETCATALOG_COMPILER_APPICON_NAME = AppIcon;
				CODE_SIGN_STYLE = Automatic;
				DEVELOPMENT_TEAM = 42Q45HPGA4;
				INFOPLIST_FILE = NumberGame/Info.plist;
				LD_RUNPATH_SEARCH_PATHS = (
					"$(inherited)",
					"@executable_path/Frameworks",
				);
				PRODUCT_BUNDLE_IDENTIFIER = com.soll4u.NumberGame;
				PRODUCT_NAME = "$(TARGET_NAME)";
				SWIFT_VERSION = 5.0;
				TARGETED_DEVICE_FAMILY = "1,2";
			};
			name = Release;
		};
/* End XCBuildConfiguration section */

/* Begin XCConfigurationList section */
		79D04D1124E155F9003591AA /* Build configuration list for PBXProject "NumberGame" */ = {
			isa = XCConfigurationList;
			buildConfigurations = (
				79D04D2824E155FB003591AA /* Debug */,
				79D04D2924E155FB003591AA /* Release */,
			);
			defaultConfigurationIsVisible = 0;
			defaultConfigurationName = Release;
		};
		79D04D2A24E155FB003591AA /* Build configuration list for PBXNativeTarget "NumberGame" */ = {
			isa = XCConfigurationList;
			buildConfigurations = (
				79D04D2B24E155FB003591AA /* Debug */,
				79D04D2C24E155FB003591AA /* Release */,
			);
			defaultConfigurationIsVisible = 0;
			defaultConfigurationName = Release;
		};
/* End XCConfigurationList section */
	};
	rootObject = 79D04D0E24E155F9003591AA /* Project object */;
}
